// !$*UTF8*$!
{
	archiveVersion = 1;
	classes = {
	};
	objectVersion = 50;
	objects = {

/* Begin PBXBuildFile section */
		E0E97E7F24227EE500B122E4 /* AppDelegate.swift in Sources */ = {isa = PBXBuildFile; fileRef = E0E97E7E24227EE500B122E4 /* AppDelegate.swift */; };
		E0E97E8124227EE500B122E4 /* SceneDelegate.swift in Sources */ = {isa = PBXBuildFile; fileRef = E0E97E8024227EE500B122E4 /* SceneDelegate.swift */; };
		E0E97E8324227EE500B122E4 /* ContentView.swift in Sources */ = {isa = PBXBuildFile; fileRef = E0E97E8224227EE500B122E4 /* ContentView.swift */; };
		E0E97E8524227EE700B122E4 /* Assets.xcassets in Resources */ = {isa = PBXBuildFile; fileRef = E0E97E8424227EE700B122E4 /* Assets.xcassets */; };
		E0E97E8824227EE700B122E4 /* Preview Assets.xcassets in Resources */ = {isa = PBXBuildFile; fileRef = E0E97E8724227EE700B122E4 /* Preview Assets.xcassets */; };
		E0E97E8B24227EE700B122E4 /* LaunchScreen.storyboard in Resources */ = {isa = PBXBuildFile; fileRef = E0E97E8924227EE700B122E4 /* LaunchScreen.storyboard */; };
		E0E97E9624227EE700B122E4 /* CustomGallerySwiftUITests.swift in Sources */ = {isa = PBXBuildFile; fileRef = E0E97E9524227EE700B122E4 /* CustomGallerySwiftUITests.swift */; };
		E0E97EA124227EE700B122E4 /* CustomGallerySwiftUIUITests.swift in Sources */ = {isa = PBXBuildFile; fileRef = E0E97EA024227EE700B122E4 /* CustomGallerySwiftUIUITests.swift */; };
/* End PBXBuildFile section */

/* Begin PBXContainerItemProxy section */
		E0E97E9224227EE700B122E4 /* PBXContainerItemProxy */ = {
			isa = PBXContainerItemProxy;
			containerPortal = E0E97E7324227EE500B122E4 /* Project object */;
			proxyType = 1;
			remoteGlobalIDString = E0E97E7A24227EE500B122E4;
			remoteInfo = CustomGallerySwiftUI;
		};
		E0E97E9D24227EE700B122E4 /* PBXContainerItemProxy */ = {
			isa = PBXContainerItemProxy;
			containerPortal = E0E97E7324227EE500B122E4 /* Project object */;
			proxyType = 1;
			remoteGlobalIDString = E0E97E7A24227EE500B122E4;
			remoteInfo = CustomGallerySwiftUI;
		};
/* End PBXContainerItemProxy section */

/* Begin PBXFileReference section */
		E0E97E7B24227EE500B122E4 /* CustomGallerySwiftUI.app */ = {isa = PBXFileReference; explicitFileType = wrapper.application; includeInIndex = 0; path = CustomGallerySwiftUI.app; sourceTree = BUILT_PRODUCTS_DIR; };
		E0E97E7E24227EE500B122E4 /* AppDelegate.swift */ = {isa = PBXFileReference; lastKnownFileType = sourcecode.swift; path = AppDelegate.swift; sourceTree = "<group>"; };
		E0E97E8024227EE500B122E4 /* SceneDelegate.swift */ = {isa = PBXFileReference; lastKnownFileType = sourcecode.swift; path = SceneDelegate.swift; sourceTree = "<group>"; };
		E0E97E8224227EE500B122E4 /* ContentView.swift */ = {isa = PBXFileReference; lastKnownFileType = sourcecode.swift; path = ContentView.swift; sourceTree = "<group>"; };
		E0E97E8424227EE700B122E4 /* Assets.xcassets */ = {isa = PBXFileReference; lastKnownFileType = folder.assetcatalog; path = Assets.xcassets; sourceTree = "<group>"; };
		E0E97E8724227EE700B122E4 /* Preview Assets.xcassets */ = {isa = PBXFileReference; lastKnownFileType = folder.assetcatalog; path = "Preview Assets.xcassets"; sourceTree = "<group>"; };
		E0E97E8A24227EE700B122E4 /* Base */ = {isa = PBXFileReference; lastKnownFileType = file.storyboard; name = Base; path = Base.lproj/LaunchScreen.storyboard; sourceTree = "<group>"; };
		E0E97E8C24227EE700B122E4 /* Info.plist */ = {isa = PBXFileReference; lastKnownFileType = text.plist.xml; path = Info.plist; sourceTree = "<group>"; };
		E0E97E9124227EE700B122E4 /* CustomGallerySwiftUITests.xctest */ = {isa = PBXFileReference; explicitFileType = wrapper.cfbundle; includeInIndex = 0; path = CustomGallerySwiftUITests.xctest; sourceTree = BUILT_PRODUCTS_DIR; };
		E0E97E9524227EE700B122E4 /* CustomGallerySwiftUITests.swift */ = {isa = PBXFileReference; lastKnownFileType = sourcecode.swift; path = CustomGallerySwiftUITests.swift; sourceTree = "<group>"; };
		E0E97E9724227EE700B122E4 /* Info.plist */ = {isa = PBXFileReference; lastKnownFileType = text.plist.xml; path = Info.plist; sourceTree = "<group>"; };
		E0E97E9C24227EE700B122E4 /* CustomGallerySwiftUIUITests.xctest */ = {isa = PBXFileReference; explicitFileType = wrapper.cfbundle; includeInIndex = 0; path = CustomGallerySwiftUIUITests.xctest; sourceTree = BUILT_PRODUCTS_DIR; };
		E0E97EA024227EE700B122E4 /* CustomGallerySwiftUIUITests.swift */ = {isa = PBXFileReference; lastKnownFileType = sourcecode.swift; path = CustomGallerySwiftUIUITests.swift; sourceTree = "<group>"; };
		E0E97EA224227EE700B122E4 /* Info.plist */ = {isa = PBXFileReference; lastKnownFileType = text.plist.xml; path = Info.plist; sourceTree = "<group>"; };
/* End PBXFileReference section */

/* Begin PBXFrameworksBuildPhase section */
		E0E97E7824227EE500B122E4 /* Frameworks */ = {
			isa = PBXFrameworksBuildPhase;
			buildActionMask = 2147483647;
			files = (
			);
			runOnlyForDeploymentPostprocessing = 0;
		};
		E0E97E8E24227EE700B122E4 /* Frameworks */ = {
			isa = PBXFrameworksBuildPhase;
			buildActionMask = 2147483647;
			files = (
			);
			runOnlyForDeploymentPostprocessing = 0;
		};
		E0E97E9924227EE700B122E4 /* Frameworks */ = {
			isa = PBXFrameworksBuildPhase;
			buildActionMask = 2147483647;
			files = (
			);
			runOnlyForDeploymentPostprocessing = 0;
		};
/* End PBXFrameworksBuildPhase section */

/* Begin PBXGroup section */
		E0E97E7224227EE500B122E4 = {
			isa = PBXGroup;
			children = (
				E0E97E7D24227EE500B122E4 /* CustomGallerySwiftUI */,
				E0E97E9424227EE700B122E4 /* CustomGallerySwiftUITests */,
				E0E97E9F24227EE700B122E4 /* CustomGallerySwiftUIUITests */,
				E0E97E7C24227EE500B122E4 /* Products */,
			);
			sourceTree = "<group>";
		};
		E0E97E7C24227EE500B122E4 /* Products */ = {
			isa = PBXGroup;
			children = (
				E0E97E7B24227EE500B122E4 /* CustomGallerySwiftUI.app */,
				E0E97E9124227EE700B122E4 /* CustomGallerySwiftUITests.xctest */,
				E0E97E9C24227EE700B122E4 /* CustomGallerySwiftUIUITests.xctest */,
			);
			name = Products;
			sourceTree = "<group>";
		};
		E0E97E7D24227EE500B122E4 /* CustomGallerySwiftUI */ = {
			isa = PBXGroup;
			children = (
				E0E97E7E24227EE500B122E4 /* AppDelegate.swift */,
				E0E97E8024227EE500B122E4 /* SceneDelegate.swift */,
				E0E97E8224227EE500B122E4 /* ContentView.swift */,
				E0E97E8424227EE700B122E4 /* Assets.xcassets */,
				E0E97E8924227EE700B122E4 /* LaunchScreen.storyboard */,
				E0E97E8C24227EE700B122E4 /* Info.plist */,
				E0E97E8624227EE700B122E4 /* Preview Content */,
			);
			path = CustomGallerySwiftUI;
			sourceTree = "<group>";
		};
		E0E97E8624227EE700B122E4 /* Preview Content */ = {
			isa = PBXGroup;
			children = (
				E0E97E8724227EE700B122E4 /* Preview Assets.xcassets */,
			);
			path = "Preview Content";
			sourceTree = "<group>";
		};
		E0E97E9424227EE700B122E4 /* CustomGallerySwiftUITests */ = {
			isa = PBXGroup;
			children = (
				E0E97E9524227EE700B122E4 /* CustomGallerySwiftUITests.swift */,
				E0E97E9724227EE700B122E4 /* Info.plist */,
			);
			path = CustomGallerySwiftUITests;
			sourceTree = "<group>";
		};
		E0E97E9F24227EE700B122E4 /* CustomGallerySwiftUIUITests */ = {
			isa = PBXGroup;
			children = (
				E0E97EA024227EE700B122E4 /* CustomGallerySwiftUIUITests.swift */,
				E0E97EA224227EE700B122E4 /* Info.plist */,
			);
			path = CustomGallerySwiftUIUITests;
			sourceTree = "<group>";
		};
/* End PBXGroup section */

/* Begin PBXNativeTarget section */
		E0E97E7A24227EE500B122E4 /* CustomGallerySwiftUI */ = {
			isa = PBXNativeTarget;
			buildConfigurationList = E0E97EA524227EE700B122E4 /* Build configuration list for PBXNativeTarget "CustomGallerySwiftUI" */;
			buildPhases = (
				E0E97E7724227EE500B122E4 /* Sources */,
				E0E97E7824227EE500B122E4 /* Frameworks */,
				E0E97E7924227EE500B122E4 /* Resources */,
			);
			buildRules = (
			);
			dependencies = (
			);
			name = CustomGallerySwiftUI;
			productName = CustomGallerySwiftUI;
			productReference = E0E97E7B24227EE500B122E4 /* CustomGallerySwiftUI.app */;
			productType = "com.apple.product-type.application";
		};
		E0E97E9024227EE700B122E4 /* CustomGallerySwiftUITests */ = {
			isa = PBXNativeTarget;
			buildConfigurationList = E0E97EA824227EE700B122E4 /* Build configuration list for PBXNativeTarget "CustomGallerySwiftUITests" */;
			buildPhases = (
				E0E97E8D24227EE700B122E4 /* Sources */,
				E0E97E8E24227EE700B122E4 /* Frameworks */,
				E0E97E8F24227EE700B122E4 /* Resources */,
			);
			buildRules = (
			);
			dependencies = (
				E0E97E9324227EE700B122E4 /* PBXTargetDependency */,
			);
			name = CustomGallerySwiftUITests;
			productName = CustomGallerySwiftUITests;
			productReference = E0E97E9124227EE700B122E4 /* CustomGallerySwiftUITests.xctest */;
			productType = "com.apple.product-type.bundle.unit-test";
		};
		E0E97E9B24227EE700B122E4 /* CustomGallerySwiftUIUITests */ = {
			isa = PBXNativeTarget;
			buildConfigurationList = E0E97EAB24227EE700B122E4 /* Build configuration list for PBXNativeTarget "CustomGallerySwiftUIUITests" */;
			buildPhases = (
				E0E97E9824227EE700B122E4 /* Sources */,
				E0E97E9924227EE700B122E4 /* Frameworks */,
				E0E97E9A24227EE700B122E4 /* Resources */,
			);
			buildRules = (
			);
			dependencies = (
				E0E97E9E24227EE700B122E4 /* PBXTargetDependency */,
			);
			name = CustomGallerySwiftUIUITests;
			productName = CustomGallerySwiftUIUITests;
			productReference = E0E97E9C24227EE700B122E4 /* CustomGallerySwiftUIUITests.xctest */;
			productType = "com.apple.product-type.bundle.ui-testing";
		};
/* End PBXNativeTarget section */

/* Begin PBXProject section */
		E0E97E7324227EE500B122E4 /* Project object */ = {
			isa = PBXProject;
			attributes = {
				LastSwiftUpdateCheck = 1130;
				LastUpgradeCheck = 1130;
				ORGANIZATIONNAME = "Aditi Mehta";
				TargetAttributes = {
					E0E97E7A24227EE500B122E4 = {
						CreatedOnToolsVersion = 11.3.1;
					};
					E0E97E9024227EE700B122E4 = {
						CreatedOnToolsVersion = 11.3.1;
						TestTargetID = E0E97E7A24227EE500B122E4;
					};
					E0E97E9B24227EE700B122E4 = {
						CreatedOnToolsVersion = 11.3.1;
						TestTargetID = E0E97E7A24227EE500B122E4;
					};
				};
			};
			buildConfigurationList = E0E97E7624227EE500B122E4 /* Build configuration list for PBXProject "CustomGallerySwiftUI" */;
			compatibilityVersion = "Xcode 9.3";
			developmentRegion = en;
			hasScannedForEncodings = 0;
			knownRegions = (
				en,
				Base,
			);
			mainGroup = E0E97E7224227EE500B122E4;
			productRefGroup = E0E97E7C24227EE500B122E4 /* Products */;
			projectDirPath = "";
			projectRoot = "";
			targets = (
				E0E97E7A24227EE500B122E4 /* CustomGallerySwiftUI */,
				E0E97E9024227EE700B122E4 /* CustomGallerySwiftUITests */,
				E0E97E9B24227EE700B122E4 /* CustomGallerySwiftUIUITests */,
			);
		};
/* End PBXProject section */

/* Begin PBXResourcesBuildPhase section */
		E0E97E7924227EE500B122E4 /* Resources */ = {
			isa = PBXResourcesBuildPhase;
			buildActionMask = 2147483647;
			files = (
				E0E97E8B24227EE700B122E4 /* LaunchScreen.storyboard in Resources */,
				E0E97E8824227EE700B122E4 /* Preview Assets.xcassets in Resources */,
				E0E97E8524227EE700B122E4 /* Assets.xcassets in Resources */,
			);
			runOnlyForDeploymentPostprocessing = 0;
		};
		E0E97E8F24227EE700B122E4 /* Resources */ = {
			isa = PBXResourcesBuildPhase;
			buildActionMask = 2147483647;
			files = (
			);
			runOnlyForDeploymentPostprocessing = 0;
		};
		E0E97E9A24227EE700B122E4 /* Resources */ = {
			isa = PBXResourcesBuildPhase;
			buildActionMask = 2147483647;
			files = (
			);
			runOnlyForDeploymentPostprocessing = 0;
		};
/* End PBXResourcesBuildPhase section */

/* Begin PBXSourcesBuildPhase section */
		E0E97E7724227EE500B122E4 /* Sources */ = {
			isa = PBXSourcesBuildPhase;
			buildActionMask = 2147483647;
			files = (
				E0E97E7F24227EE500B122E4 /* AppDelegate.swift in Sources */,
				E0E97E8124227EE500B122E4 /* SceneDelegate.swift in Sources */,
				E0E97E8324227EE500B122E4 /* ContentView.swift in Sources */,
			);
			runOnlyForDeploymentPostprocessing = 0;
		};
		E0E97E8D24227EE700B122E4 /* Sources */ = {
			isa = PBXSourcesBuildPhase;
			buildActionMask = 2147483647;
			files = (
				E0E97E9624227EE700B122E4 /* CustomGallerySwiftUITests.swift in Sources */,
			);
			runOnlyForDeploymentPostprocessing = 0;
		};
		E0E97E9824227EE700B122E4 /* Sources */ = {
			isa = PBXSourcesBuildPhase;
			buildActionMask = 2147483647;
			files = (
				E0E97EA124227EE700B122E4 /* CustomGallerySwiftUIUITests.swift in Sources */,
			);
			runOnlyForDeploymentPostprocessing = 0;
		};
/* End PBXSourcesBuildPhase section */

/* Begin PBXTargetDependency section */
		E0E97E9324227EE700B122E4 /* PBXTargetDependency */ = {
			isa = PBXTargetDependency;
			target = E0E97E7A24227EE500B122E4 /* CustomGallerySwiftUI */;
			targetProxy = E0E97E9224227EE700B122E4 /* PBXContainerItemProxy */;
		};
		E0E97E9E24227EE700B122E4 /* PBXTargetDependency */ = {
			isa = PBXTargetDependency;
			target = E0E97E7A24227EE500B122E4 /* CustomGallerySwiftUI */;
			targetProxy = E0E97E9D24227EE700B122E4 /* PBXContainerItemProxy */;
		};
/* End PBXTargetDependency section */

/* Begin PBXVariantGroup section */
		E0E97E8924227EE700B122E4 /* LaunchScreen.storyboard */ = {
			isa = PBXVariantGroup;
			children = (
				E0E97E8A24227EE700B122E4 /* Base */,
			);
			name = LaunchScreen.storyboard;
			sourceTree = "<group>";
		};
/* End PBXVariantGroup section */

/* Begin XCBuildConfiguration section */
		E0E97EA324227EE700B122E4 /* Debug */ = {
			isa = XCBuildConfiguration;
			buildSettings = {
				ALWAYS_SEARCH_USER_PATHS = NO;
				CLANG_ANALYZER_NONNULL = YES;
				CLANG_ANALYZER_NUMBER_OBJECT_CONVERSION = YES_AGGRESSIVE;
				CLANG_CXX_LANGUAGE_STANDARD = "gnu++14";
				CLANG_CXX_LIBRARY = "libc++";
				CLANG_ENABLE_MODULES = YES;
				CLANG_ENABLE_OBJC_ARC = YES;
				CLANG_ENABLE_OBJC_WEAK = YES;
				CLANG_WARN_BLOCK_CAPTURE_AUTORELEASING = YES;
				CLANG_WARN_BOOL_CONVERSION = YES;
				CLANG_WARN_COMMA = YES;
				CLANG_WARN_CONSTANT_CONVERSION = YES;
				CLANG_WARN_DEPRECATED_OBJC_IMPLEMENTATIONS = YES;
				CLANG_WARN_DIRECT_OBJC_ISA_USAGE = YES_ERROR;
				CLANG_WARN_DOCUMENTATION_COMMENTS = YES;
				CLANG_WARN_EMPTY_BODY = YES;
				CLANG_WARN_ENUM_CONVERSION = YES;
				CLANG_WARN_INFINITE_RECURSION = YES;
				CLANG_WARN_INT_CONVERSION = YES;
				CLANG_WARN_NON_LITERAL_NULL_CONVERSION = YES;
				CLANG_WARN_OBJC_IMPLICIT_RETAIN_SELF = YES;
				CLANG_WARN_OBJC_LITERAL_CONVERSION = YES;
				CLANG_WARN_OBJC_ROOT_CLASS = YES_ERROR;
				CLANG_WARN_RANGE_LOOP_ANALYSIS = YES;
				CLANG_WARN_STRICT_PROTOTYPES = YES;
				CLANG_WARN_SUSPICIOUS_MOVE = YES;
				CLANG_WARN_UNGUARDED_AVAILABILITY = YES_AGGRESSIVE;
				CLANG_WARN_UNREACHABLE_CODE = YES;
				CLANG_WARN__DUPLICATE_METHOD_MATCH = YES;
				COPY_PHASE_STRIP = NO;
				DEBUG_INFORMATION_FORMAT = dwarf;
				ENABLE_STRICT_OBJC_MSGSEND = YES;
				ENABLE_TESTABILITY = YES;
				GCC_C_LANGUAGE_STANDARD = gnu11;
				GCC_DYNAMIC_NO_PIC = NO;
				GCC_NO_COMMON_BLOCKS = YES;
				GCC_OPTIMIZATION_LEVEL = 0;
				GCC_PREPROCESSOR_DEFINITIONS = (
					"DEBUG=1",
					"$(inherited)",
				);
				GCC_WARN_64_TO_32_BIT_CONVERSION = YES;
				GCC_WARN_ABOUT_RETURN_TYPE = YES_ERROR;
				GCC_WARN_UNDECLARED_SELECTOR = YES;
				GCC_WARN_UNINITIALIZED_AUTOS = YES_AGGRESSIVE;
				GCC_WARN_UNUSED_FUNCTION = YES;
				GCC_WARN_UNUSED_VARIABLE = YES;
				IPHONEOS_DEPLOYMENT_TARGET = 13.2;
				MTL_ENABLE_DEBUG_INFO = INCLUDE_SOURCE;
				MTL_FAST_MATH = YES;
				ONLY_ACTIVE_ARCH = YES;
				SDKROOT = iphoneos;
				SWIFT_ACTIVE_COMPILATION_CONDITIONS = DEBUG;
				SWIFT_OPTIMIZATION_LEVEL = "-Onone";
			};
			name = Debug;
		};
		E0E97EA424227EE700B122E4 /* Release */ = {
			isa = XCBuildConfiguration;
			buildSettings = {
				ALWAYS_SEARCH_USER_PATHS = NO;
				CLANG_ANALYZER_NONNULL = YES;
				CLANG_ANALYZER_NUMBER_OBJECT_CONVERSION = YES_AGGRESSIVE;
				CLANG_CXX_LANGUAGE_STANDARD = "gnu++14";
				CLANG_CXX_LIBRARY = "libc++";
				CLANG_ENABLE_MODULES = YES;
				CLANG_ENABLE_OBJC_ARC = YES;
				CLANG_ENABLE_OBJC_WEAK = YES;
				CLANG_WARN_BLOCK_CAPTURE_AUTORELEASING = YES;
				CLANG_WARN_BOOL_CONVERSION = YES;
				CLANG_WARN_COMMA = YES;
				CLANG_WARN_CONSTANT_CONVERSION = YES;
				CLANG_WARN_DEPRECATED_OBJC_IMPLEMENTATIONS = YES;
				CLANG_WARN_DIRECT_OBJC_ISA_USAGE = YES_ERROR;
				CLANG_WARN_DOCUMENTATION_COMMENTS = YES;
				CLANG_WARN_EMPTY_BODY = YES;
				CLANG_WARN_ENUM_CONVERSION = YES;
				CLANG_WARN_INFINITE_RECURSION = YES;
				CLANG_WARN_INT_CONVERSION = YES;
				CLANG_WARN_NON_LITERAL_NULL_CONVERSION = YES;
				CLANG_WARN_OBJC_IMPLICIT_RETAIN_SELF = YES;
				CLANG_WARN_OBJC_LITERAL_CONVERSION = YES;
				CLANG_WARN_OBJC_ROOT_CLASS = YES_ERROR;
				CLANG_WARN_RANGE_LOOP_ANALYSIS = YES;
				CLANG_WARN_STRICT_PROTOTYPES = YES;
				CLANG_WARN_SUSPICIOUS_MOVE = YES;
				CLANG_WARN_UNGUARDED_AVAILABILITY = YES_AGGRESSIVE;
				CLANG_WARN_UNREACHABLE_CODE = YES;
				CLANG_WARN__DUPLICATE_METHOD_MATCH = YES;
				COPY_PHASE_STRIP = NO;
				DEBUG_INFORMATION_FORMAT = "dwarf-with-dsym";
				ENABLE_NS_ASSERTIONS = NO;
				ENABLE_STRICT_OBJC_MSGSEND = YES;
				GCC_C_LANGUAGE_STANDARD = gnu11;
				GCC_NO_COMMON_BLOCKS = YES;
				GCC_WARN_64_TO_32_BIT_CONVERSION = YES;
				GCC_WARN_ABOUT_RETURN_TYPE = YES_ERROR;
				GCC_WARN_UNDECLARED_SELECTOR = YES;
				GCC_WARN_UNINITIALIZED_AUTOS = YES_AGGRESSIVE;
				GCC_WARN_UNUSED_FUNCTION = YES;
				GCC_WARN_UNUSED_VARIABLE = YES;
				IPHONEOS_DEPLOYMENT_TARGET = 13.2;
				MTL_ENABLE_DEBUG_INFO = NO;
				MTL_FAST_MATH = YES;
				SDKROOT = iphoneos;
				SWIFT_COMPILATION_MODE = wholemodule;
				SWIFT_OPTIMIZATION_LEVEL = "-O";
				VALIDATE_PRODUCT = YES;
			};
			name = Release;
		};
		E0E97EA624227EE700B122E4 /* Debug */ = {
			isa = XCBuildConfiguration;
			buildSettings = {
				ASSETCATALOG_COMPILER_APPICON_NAME = AppIcon;
				CODE_SIGN_STYLE = Automatic;
				DEVELOPMENT_ASSET_PATHS = "\"CustomGallerySwiftUI/Preview Content\"";
				DEVELOPMENT_TEAM = 4J257VND3X;
				ENABLE_PREVIEWS = YES;
				INFOPLIST_FILE = CustomGallerySwiftUI/Info.plist;
				LD_RUNPATH_SEARCH_PATHS = (
					"$(inherited)",
					"@executable_path/Frameworks",
				);
				PRODUCT_BUNDLE_IDENTIFIER = com.firstApp.CustomGallerySwiftUI;
				PRODUCT_NAME = "$(TARGET_NAME)";
				SWIFT_VERSION = 5.0;
				TARGETED_DEVICE_FAMILY = "1,2";
			};
			name = Debug;
		};
		E0E97EA724227EE700B122E4 /* Release */ = {
			isa = XCBuildConfiguration;
			buildSettings = {
				ASSETCATALOG_COMPILER_APPICON_NAME = AppIcon;
				CODE_SIGN_STYLE = Automatic;
				DEVELOPMENT_ASSET_PATHS = "\"CustomGallerySwiftUI/Preview Content\"";
				DEVELOPMENT_TEAM = 4J257VND3X;
				ENABLE_PREVIEWS = YES;
				INFOPLIST_FILE = CustomGallerySwiftUI/Info.plist;
				LD_RUNPATH_SEARCH_PATHS = (
					"$(inherited)",
					"@executable_path/Frameworks",
				);
				PRODUCT_BUNDLE_IDENTIFIER = com.firstApp.CustomGallerySwiftUI;
				PRODUCT_NAME = "$(TARGET_NAME)";
				SWIFT_VERSION = 5.0;
				TARGETED_DEVICE_FAMILY = "1,2";
			};
			name = Release;
		};
		E0E97EA924227EE700B122E4 /* Debug */ = {
			isa = XCBuildConfiguration;
			buildSettings = {
				ALWAYS_EMBED_SWIFT_STANDARD_LIBRARIES = YES;
				BUNDLE_LOADER = "$(TEST_HOST)";
				CODE_SIGN_STYLE = Automatic;
				DEVELOPMENT_TEAM = 4J257VND3X;
				INFOPLIST_FILE = CustomGallerySwiftUITests/Info.plist;
				IPHONEOS_DEPLOYMENT_TARGET = 13.2;
				LD_RUNPATH_SEARCH_PATHS = (
					"$(inherited)",
					"@executable_path/Frameworks",
					"@loader_path/Frameworks",
				);
				PRODUCT_BUNDLE_IDENTIFIER = com.firstApp.CustomGallerySwiftUITests;
				PRODUCT_NAME = "$(TARGET_NAME)";
				SWIFT_VERSION = 5.0;
				TARGETED_DEVICE_FAMILY = "1,2";
				TEST_HOST = "$(BUILT_PRODUCTS_DIR)/CustomGallerySwiftUI.app/CustomGallerySwiftUI";
			};
			name = Debug;
		};
		E0E97EAA24227EE700B122E4 /* Release */ = {
			isa = XCBuildConfiguration;
			buildSettings = {
				ALWAYS_EMBED_SWIFT_STANDARD_LIBRARIES = YES;
				BUNDLE_LOADER = "$(TEST_HOST)";
				CODE_SIGN_STYLE = Automatic;
				DEVELOPMENT_TEAM = 4J257VND3X;
				INFOPLIST_FILE = CustomGallerySwiftUITests/Info.plist;
				IPHONEOS_DEPLOYMENT_TARGET = 13.2;
				LD_RUNPATH_SEARCH_PATHS = (
					"$(inherited)",
					"@executable_path/Frameworks",
					"@loader_path/Frameworks",
				);
				PRODUCT_BUNDLE_IDENTIFIER = com.firstApp.CustomGallerySwiftUITests;
				PRODUCT_NAME = "$(TARGET_NAME)";
				SWIFT_VERSION = 5.0;
				TARGETED_DEVICE_FAMILY = "1,2";
				TEST_HOST = "$(BUILT_PRODUCTS_DIR)/CustomGallerySwiftUI.app/CustomGallerySwiftUI";
			};
			name = Release;
		};
		E0E97EAC24227EE700B122E4 /* Debug */ = {
			isa = XCBuildConfiguration;
			buildSettings = {
				ALWAYS_EMBED_SWIFT_STANDARD_LIBRARIES = YES;
				CODE_SIGN_STYLE = Automatic;
				DEVELOPMENT_TEAM = 4J257VND3X;
				INFOPLIST_FILE = CustomGallerySwiftUIUITests/Info.plist;
				LD_RUNPATH_SEARCH_PATHS = (
					"$(inherited)",
					"@executable_path/Frameworks",
					"@loader_path/Frameworks",
				);
				PRODUCT_BUNDLE_IDENTIFIER = com.firstApp.CustomGallerySwiftUIUITests;
				PRODUCT_NAME = "$(TARGET_NAME)";
				SWIFT_VERSION = 5.0;
				TARGETED_DEVICE_FAMILY = "1,2";
				TEST_TARGET_NAME = CustomGallerySwiftUI;
			};
			name = Debug;
		};
		E0E97EAD24227EE700B122E4 /* Release */ = {
			isa = XCBuildConfiguration;
			buildSettings = {
				ALWAYS_EMBED_SWIFT_STANDARD_LIBRARIES = YES;
				CODE_SIGN_STYLE = Automatic;
				DEVELOPMENT_TEAM = 4J257VND3X;
				INFOPLIST_FILE = CustomGallerySwiftUIUITests/Info.plist;
				LD_RUNPATH_SEARCH_PATHS = (
					"$(inherited)",
					"@executable_path/Frameworks",
					"@loader_path/Frameworks",
				);
				PRODUCT_BUNDLE_IDENTIFIER = com.firstApp.CustomGallerySwiftUIUITests;
				PRODUCT_NAME = "$(TARGET_NAME)";
				SWIFT_VERSION = 5.0;
				TARGETED_DEVICE_FAMILY = "1,2";
				TEST_TARGET_NAME = CustomGallerySwiftUI;
			};
			name = Release;
		};
/* End XCBuildConfiguration section */

/* Begin XCConfigurationList section */
		E0E97E7624227EE500B122E4 /* Build configuration list for PBXProject "CustomGallerySwiftUI" */ = {
			isa = XCConfigurationList;
			buildConfigurations = (
				E0E97EA324227EE700B122E4 /* Debug */,
				E0E97EA424227EE700B122E4 /* Release */,
			);
			defaultConfigurationIsVisible = 0;
			defaultConfigurationName = Release;
		};
		E0E97EA524227EE700B122E4 /* Build configuration list for PBXNativeTarget "CustomGallerySwiftUI" */ = {
			isa = XCConfigurationList;
			buildConfigurations = (
				E0E97EA624227EE700B122E4 /* Debug */,
				E0E97EA724227EE700B122E4 /* Release */,
			);
			defaultConfigurationIsVisible = 0;
			defaultConfigurationName = Release;
		};
		E0E97EA824227EE700B122E4 /* Build configuration list for PBXNativeTarget "CustomGallerySwiftUITests" */ = {
			isa = XCConfigurationList;
			buildConfigurations = (
				E0E97EA924227EE700B122E4 /* Debug */,
				E0E97EAA24227EE700B122E4 /* Release */,
			);
			defaultConfigurationIsVisible = 0;
			defaultConfigurationName = Release;
		};
		E0E97EAB24227EE700B122E4 /* Build configuration list for PBXNativeTarget "CustomGallerySwiftUIUITests" */ = {
			isa = XCConfigurationList;
			buildConfigurations = (
				E0E97EAC24227EE700B122E4 /* Debug */,
				E0E97EAD24227EE700B122E4 /* Release */,
			);
			defaultConfigurationIsVisible = 0;
			defaultConfigurationName = Release;
		};
/* End XCConfigurationList section */
	};
	rootObject = E0E97E7324227EE500B122E4 /* Project object */;
}
